
Microsoft Visual Studio Solution File, Format Version 12.00
# Visual Studio Version 17
VisualStudioVersion = 17.3.32825.248
MinimumVisualStudioVersion = 10.0.40219.1
Project("{FAE04EC0-301F-11D3-BF4B-00C04F79EFBC}") = "odevçozumleri", "odevçozumleri\odevçozumleri.csproj", "{87C92D0C-0111-46E8-A151-C8977AC14C78}"
EndProject
Global
	GlobalSection(SolutionConfigurationPlatforms) = preSolution
		Debug|Any CPU = Debug|Any CPU
		Release|Any CPU = Release|Any CPU
	EndGlobalSection
	GlobalSection(ProjectConfigurationPlatforms) = postSolution
		{87C92D0C-0111-46E8-A151-C8977AC14C78}.Debug|Any CPU.ActiveCfg = Debug|Any CPU
		{87C92D0C-0111-46E8-A151-C8977AC14C78}.Debug|Any CPU.Build.0 = Debug|Any CPU
		{87C92D0C-0111-46E8-A151-C8977AC14C78}.Release|Any CPU.ActiveCfg = Release|Any CPU
		{87C92D0C-0111-46E8-A151-C8977AC14C78}.Release|Any CPU.Build.0 = Release|Any CPU
	EndGlobalSection
	GlobalSection(SolutionProperties) = preSolution
		HideSolutionNode = FALSE
	EndGlobalSection
	GlobalSection(ExtensibilityGlobals) = postSolution
		SolutionGuid = {DA93D07B-F95A-4CDA-8C98-44C5037A367D}
	EndGlobalSection
EndGlobal
