
Microsoft Visual Studio Solution File, Format Version 12.00
# Visual Studio Version 17
VisualStudioVersion = 17.3.32825.248
MinimumVisualStudioVersion = 10.0.40219.1
Project("{FAE04EC0-301F-11D3-BF4B-00C04F79EFBC}") = "ConsoleApp2", "ConsoleApp2\ConsoleApp2.csproj", "{EE101AB0-8C9B-4E1A-BCAA-06A32A02F568}"
EndProject
Global
	GlobalSection(SolutionConfigurationPlatforms) = preSolution
		Debug|Any CPU = Debug|Any CPU
		Release|Any CPU = Release|Any CPU
	EndGlobalSection
	GlobalSection(ProjectConfigurationPlatforms) = postSolution
		{EE101AB0-8C9B-4E1A-BCAA-06A32A02F568}.Debug|Any CPU.ActiveCfg = Debug|Any CPU
		{EE101AB0-8C9B-4E1A-BCAA-06A32A02F568}.Debug|Any CPU.Build.0 = Debug|Any CPU
		{EE101AB0-8C9B-4E1A-BCAA-06A32A02F568}.Release|Any CPU.ActiveCfg = Release|Any CPU
		{EE101AB0-8C9B-4E1A-BCAA-06A32A02F568}.Release|Any CPU.Build.0 = Release|Any CPU
	EndGlobalSection
	GlobalSection(SolutionProperties) = preSolution
		HideSolutionNode = FALSE
	EndGlobalSection
	GlobalSection(ExtensibilityGlobals) = postSolution
		SolutionGuid = {D16FAFBA-0658-4113-8712-DE5B26931879}
	EndGlobalSection
EndGlobal
