
Microsoft Visual Studio Solution File, Format Version 12.00
# Visual Studio Version 17
VisualStudioVersion = 17.3.32929.385
MinimumVisualStudioVersion = 10.0.40219.1
Project("{FAE04EC0-301F-11D3-BF4B-00C04F79EFBC}") = "ParametreliSorgular", "ParametreliSorgular\ParametreliSorgular.csproj", "{AB7E3CED-F6E3-4C26-8830-4C0704B65027}"
EndProject
Global
	GlobalSection(SolutionConfigurationPlatforms) = preSolution
		Debug|Any CPU = Debug|Any CPU
		Release|Any CPU = Release|Any CPU
	EndGlobalSection
	GlobalSection(ProjectConfigurationPlatforms) = postSolution
		{AB7E3CED-F6E3-4C26-8830-4C0704B65027}.Debug|Any CPU.ActiveCfg = Debug|Any CPU
		{AB7E3CED-F6E3-4C26-8830-4C0704B65027}.Debug|Any CPU.Build.0 = Debug|Any CPU
		{AB7E3CED-F6E3-4C26-8830-4C0704B65027}.Release|Any CPU.ActiveCfg = Release|Any CPU
		{AB7E3CED-F6E3-4C26-8830-4C0704B65027}.Release|Any CPU.Build.0 = Release|Any CPU
	EndGlobalSection
	GlobalSection(SolutionProperties) = preSolution
		HideSolutionNode = FALSE
	EndGlobalSection
	GlobalSection(ExtensibilityGlobals) = postSolution
		SolutionGuid = {76704F8B-3BE0-4DE9-A6C7-663157113941}
	EndGlobalSection
EndGlobal
