
Microsoft Visual Studio Solution File, Format Version 12.00
# Visual Studio Version 17
VisualStudioVersion = 17.3.32929.385
MinimumVisualStudioVersion = 10.0.40219.1
Project("{FAE04EC0-301F-11D3-BF4B-00C04F79EFBC}") = "FirstWebAppWithBoolstrap", "FirstWebAppWithBoolstrap\FirstWebAppWithBoolstrap.csproj", "{A15965B7-DD11-469C-94FE-157BA580804D}"
EndProject
Global
	GlobalSection(SolutionConfigurationPlatforms) = preSolution
		Debug|Any CPU = Debug|Any CPU
		Release|Any CPU = Release|Any CPU
	EndGlobalSection
	GlobalSection(ProjectConfigurationPlatforms) = postSolution
		{A15965B7-DD11-469C-94FE-157BA580804D}.Debug|Any CPU.ActiveCfg = Debug|Any CPU
		{A15965B7-DD11-469C-94FE-157BA580804D}.Debug|Any CPU.Build.0 = Debug|Any CPU
		{A15965B7-DD11-469C-94FE-157BA580804D}.Release|Any CPU.ActiveCfg = Release|Any CPU
		{A15965B7-DD11-469C-94FE-157BA580804D}.Release|Any CPU.Build.0 = Release|Any CPU
	EndGlobalSection
	GlobalSection(SolutionProperties) = preSolution
		HideSolutionNode = FALSE
	EndGlobalSection
	GlobalSection(ExtensibilityGlobals) = postSolution
		SolutionGuid = {45703287-FA4B-4ED6-ADA0-F4042307EFFE}
	EndGlobalSection
EndGlobal
