
Microsoft Visual Studio Solution File, Format Version 12.00
# Visual Studio Version 17
VisualStudioVersion = 17.3.32929.385
MinimumVisualStudioVersion = 10.0.40219.1
Project("{FAE04EC0-301F-11D3-BF4B-00C04F79EFBC}") = "MetotOverLoading", "MetotOverLoading\MetotOverLoading.csproj", "{FAB1668D-DE21-4F13-8475-F3916A53FBED}"
EndProject
Global
	GlobalSection(SolutionConfigurationPlatforms) = preSolution
		Debug|Any CPU = Debug|Any CPU
		Release|Any CPU = Release|Any CPU
	EndGlobalSection
	GlobalSection(ProjectConfigurationPlatforms) = postSolution
		{FAB1668D-DE21-4F13-8475-F3916A53FBED}.Debug|Any CPU.ActiveCfg = Debug|Any CPU
		{FAB1668D-DE21-4F13-8475-F3916A53FBED}.Debug|Any CPU.Build.0 = Debug|Any CPU
		{FAB1668D-DE21-4F13-8475-F3916A53FBED}.Release|Any CPU.ActiveCfg = Release|Any CPU
		{FAB1668D-DE21-4F13-8475-F3916A53FBED}.Release|Any CPU.Build.0 = Release|Any CPU
	EndGlobalSection
	GlobalSection(SolutionProperties) = preSolution
		HideSolutionNode = FALSE
	EndGlobalSection
	GlobalSection(ExtensibilityGlobals) = postSolution
		SolutionGuid = {48DB9CCB-FC9D-4F3A-B93D-FA613999118E}
	EndGlobalSection
EndGlobal
