
Microsoft Visual Studio Solution File, Format Version 12.00
# Visual Studio Version 17
VisualStudioVersion = 17.3.32929.385
MinimumVisualStudioVersion = 10.0.40219.1
Project("{FAE04EC0-301F-11D3-BF4B-00C04F79EFBC}") = "NeIzlesem", "NeIzlesem\NeIzlesem.csproj", "{81708D1C-33D6-4621-B84E-08D09C6C53F3}"
EndProject
Project("{FAE04EC0-301F-11D3-BF4B-00C04F79EFBC}") = "DataModel", "DataModel\DataModel.csproj", "{2ADD310B-6AE1-4DCF-8F25-3FF5B26D9177}"
EndProject
Global
	GlobalSection(SolutionConfigurationPlatforms) = preSolution
		Debug|Any CPU = Debug|Any CPU
		Release|Any CPU = Release|Any CPU
	EndGlobalSection
	GlobalSection(ProjectConfigurationPlatforms) = postSolution
		{81708D1C-33D6-4621-B84E-08D09C6C53F3}.Debug|Any CPU.ActiveCfg = Debug|Any CPU
		{81708D1C-33D6-4621-B84E-08D09C6C53F3}.Debug|Any CPU.Build.0 = Debug|Any CPU
		{81708D1C-33D6-4621-B84E-08D09C6C53F3}.Release|Any CPU.ActiveCfg = Release|Any CPU
		{81708D1C-33D6-4621-B84E-08D09C6C53F3}.Release|Any CPU.Build.0 = Release|Any CPU
		{2ADD310B-6AE1-4DCF-8F25-3FF5B26D9177}.Debug|Any CPU.ActiveCfg = Debug|Any CPU
		{2ADD310B-6AE1-4DCF-8F25-3FF5B26D9177}.Debug|Any CPU.Build.0 = Debug|Any CPU
		{2ADD310B-6AE1-4DCF-8F25-3FF5B26D9177}.Release|Any CPU.ActiveCfg = Release|Any CPU
		{2ADD310B-6AE1-4DCF-8F25-3FF5B26D9177}.Release|Any CPU.Build.0 = Release|Any CPU
	EndGlobalSection
	GlobalSection(SolutionProperties) = preSolution
		HideSolutionNode = FALSE
	EndGlobalSection
	GlobalSection(ExtensibilityGlobals) = postSolution
		SolutionGuid = {56AFDFE0-7074-4D98-A0C1-F083B5CD1A48}
	EndGlobalSection
EndGlobal
