
Microsoft Visual Studio Solution File, Format Version 12.00
# Visual Studio Version 17
VisualStudioVersion = 17.3.32825.248
MinimumVisualStudioVersion = 10.0.40219.1
Project("{FAE04EC0-301F-11D3-BF4B-00C04F79EFBC}") = "TurDonusumleri", "TurDonusumleri\TurDonusumleri.csproj", "{C4DBD0C8-1F2E-4FCF-A768-32AFA38E5B04}"
EndProject
Global
	GlobalSection(SolutionConfigurationPlatforms) = preSolution
		Debug|Any CPU = Debug|Any CPU
		Release|Any CPU = Release|Any CPU
	EndGlobalSection
	GlobalSection(ProjectConfigurationPlatforms) = postSolution
		{C4DBD0C8-1F2E-4FCF-A768-32AFA38E5B04}.Debug|Any CPU.ActiveCfg = Debug|Any CPU
		{C4DBD0C8-1F2E-4FCF-A768-32AFA38E5B04}.Debug|Any CPU.Build.0 = Debug|Any CPU
		{C4DBD0C8-1F2E-4FCF-A768-32AFA38E5B04}.Release|Any CPU.ActiveCfg = Release|Any CPU
		{C4DBD0C8-1F2E-4FCF-A768-32AFA38E5B04}.Release|Any CPU.Build.0 = Release|Any CPU
	EndGlobalSection
	GlobalSection(SolutionProperties) = preSolution
		HideSolutionNode = FALSE
	EndGlobalSection
	GlobalSection(ExtensibilityGlobals) = postSolution
		SolutionGuid = {2CF54A0D-8F99-46F3-AC37-8950F9AB55CA}
	EndGlobalSection
EndGlobal
