
Microsoft Visual Studio Solution File, Format Version 12.00
# Visual Studio Version 17
VisualStudioVersion = 17.3.32929.385
MinimumVisualStudioVersion = 10.0.40219.1
Project("{FAE04EC0-301F-11D3-BF4B-00C04F79EFBC}") = "AbstractionKacrami", "AbstractionKacrami\AbstractionKacrami.csproj", "{0AFA0EAB-477C-4A1C-BA4C-F49E700BAA93}"
EndProject
Global
	GlobalSection(SolutionConfigurationPlatforms) = preSolution
		Debug|Any CPU = Debug|Any CPU
		Release|Any CPU = Release|Any CPU
	EndGlobalSection
	GlobalSection(ProjectConfigurationPlatforms) = postSolution
		{0AFA0EAB-477C-4A1C-BA4C-F49E700BAA93}.Debug|Any CPU.ActiveCfg = Debug|Any CPU
		{0AFA0EAB-477C-4A1C-BA4C-F49E700BAA93}.Debug|Any CPU.Build.0 = Debug|Any CPU
		{0AFA0EAB-477C-4A1C-BA4C-F49E700BAA93}.Release|Any CPU.ActiveCfg = Release|Any CPU
		{0AFA0EAB-477C-4A1C-BA4C-F49E700BAA93}.Release|Any CPU.Build.0 = Release|Any CPU
	EndGlobalSection
	GlobalSection(SolutionProperties) = preSolution
		HideSolutionNode = FALSE
	EndGlobalSection
	GlobalSection(ExtensibilityGlobals) = postSolution
		SolutionGuid = {70A94D03-0818-47B1-AC62-50D972ED1F1A}
	EndGlobalSection
EndGlobal
