
Microsoft Visual Studio Solution File, Format Version 12.00
# Visual Studio Version 17
VisualStudioVersion = 17.3.32929.385
MinimumVisualStudioVersion = 10.0.40219.1
Project("{FAE04EC0-301F-11D3-BF4B-00C04F79EFBC}") = "YapıcıMetotlarConstructors", "YapıcıMetotlarConstructors\YapıcıMetotlarConstructors.csproj", "{FFED5AF3-0D7A-485A-AADF-B735A6A467E2}"
EndProject
Global
	GlobalSection(SolutionConfigurationPlatforms) = preSolution
		Debug|Any CPU = Debug|Any CPU
		Release|Any CPU = Release|Any CPU
	EndGlobalSection
	GlobalSection(ProjectConfigurationPlatforms) = postSolution
		{FFED5AF3-0D7A-485A-AADF-B735A6A467E2}.Debug|Any CPU.ActiveCfg = Debug|Any CPU
		{FFED5AF3-0D7A-485A-AADF-B735A6A467E2}.Debug|Any CPU.Build.0 = Debug|Any CPU
		{FFED5AF3-0D7A-485A-AADF-B735A6A467E2}.Release|Any CPU.ActiveCfg = Release|Any CPU
		{FFED5AF3-0D7A-485A-AADF-B735A6A467E2}.Release|Any CPU.Build.0 = Release|Any CPU
	EndGlobalSection
	GlobalSection(SolutionProperties) = preSolution
		HideSolutionNode = FALSE
	EndGlobalSection
	GlobalSection(ExtensibilityGlobals) = postSolution
		SolutionGuid = {C0A554E8-F5B8-45CC-BD3C-09740BB1BBD3}
	EndGlobalSection
EndGlobal
