
Microsoft Visual Studio Solution File, Format Version 12.00
# Visual Studio Version 17
VisualStudioVersion = 17.3.32929.385
MinimumVisualStudioVersion = 10.0.40219.1
Project("{FAE04EC0-301F-11D3-BF4B-00C04F79EFBC}") = "DecentralandV4", "DecentralandV4\DecentralandV4.csproj", "{CD01D9DA-CA17-4D41-A447-C1A14D7EFD81}"
EndProject
Project("{FAE04EC0-301F-11D3-BF4B-00C04F79EFBC}") = "dllmodel", "dllmodel\dllmodel.csproj", "{64BCFC8C-4681-466D-AEB7-A0EF2703E296}"
EndProject
Global
	GlobalSection(SolutionConfigurationPlatforms) = preSolution
		Debug|Any CPU = Debug|Any CPU
		Release|Any CPU = Release|Any CPU
	EndGlobalSection
	GlobalSection(ProjectConfigurationPlatforms) = postSolution
		{CD01D9DA-CA17-4D41-A447-C1A14D7EFD81}.Debug|Any CPU.ActiveCfg = Debug|Any CPU
		{CD01D9DA-CA17-4D41-A447-C1A14D7EFD81}.Debug|Any CPU.Build.0 = Debug|Any CPU
		{CD01D9DA-CA17-4D41-A447-C1A14D7EFD81}.Release|Any CPU.ActiveCfg = Release|Any CPU
		{CD01D9DA-CA17-4D41-A447-C1A14D7EFD81}.Release|Any CPU.Build.0 = Release|Any CPU
		{64BCFC8C-4681-466D-AEB7-A0EF2703E296}.Debug|Any CPU.ActiveCfg = Debug|Any CPU
		{64BCFC8C-4681-466D-AEB7-A0EF2703E296}.Debug|Any CPU.Build.0 = Debug|Any CPU
		{64BCFC8C-4681-466D-AEB7-A0EF2703E296}.Release|Any CPU.ActiveCfg = Release|Any CPU
		{64BCFC8C-4681-466D-AEB7-A0EF2703E296}.Release|Any CPU.Build.0 = Release|Any CPU
	EndGlobalSection
	GlobalSection(SolutionProperties) = preSolution
		HideSolutionNode = FALSE
	EndGlobalSection
	GlobalSection(ExtensibilityGlobals) = postSolution
		SolutionGuid = {7ABA236D-DBE3-4C13-A43C-587D05219FD6}
	EndGlobalSection
EndGlobal
